{
  "name": "@gscrawley/string-lib",
  "version": "1.0.0",
  "lockfileVersion": 1,
  "requires": true,
  "dependencies": {
    "gid-string-lib": {
      "version": "1.0.0",
      "resolved": "https://registry.npmjs.org/gid-string-lib/-/gid-string-lib-1.0.0.tgz",
      "integrity": "sha512-PpvBD1xnZbqH7J8sb0j4traVj7R1MX/x6TCdFI2E1mMl4IK0HGtheVTSWWxTg4vvtNelKNfIlF2lahOakKM1DA=="
    }
  }
}
